
Microsoft Visual Studio Solution File, Format Version 12.00
# Visual Studio Version 17
VisualStudioVersion = 17.6.33815.320
MinimumVisualStudioVersion = 10.0.40219.1
Project("{FAE04EC0-301F-11D3-BF4B-00C04F79EFBC}") = "cldvp1st0084787", "cldvp1st0084787\cldvp1st0084787.csproj", "{2298748A-4A45-4191-A025-DFBF919CBA0B}"
EndProject
Global
	GlobalSection(SolutionConfigurationPlatforms) = preSolution
		Debug|Any CPU = Debug|Any CPU
		Release|Any CPU = Release|Any CPU
	EndGlobalSection
	GlobalSection(ProjectConfigurationPlatforms) = postSolution
		{2298748A-4A45-4191-A025-DFBF919CBA0B}.Debug|Any CPU.ActiveCfg = Debug|Any CPU
		{2298748A-4A45-4191-A025-DFBF919CBA0B}.Debug|Any CPU.Build.0 = Debug|Any CPU
		{2298748A-4A45-4191-A025-DFBF919CBA0B}.Release|Any CPU.ActiveCfg = Release|Any CPU
		{2298748A-4A45-4191-A025-DFBF919CBA0B}.Release|Any CPU.Build.0 = Release|Any CPU
	EndGlobalSection
	GlobalSection(SolutionProperties) = preSolution
		HideSolutionNode = FALSE
	EndGlobalSection
	GlobalSection(ExtensibilityGlobals) = postSolution
		SolutionGuid = {1222D42C-9ECA-42FA-9328-0E2455A4185B}
	EndGlobalSection
EndGlobal
